
Microsoft Visual Studio Solution File, Format Version 12.00
# Visual Studio Version 17
VisualStudioVersion = 17.10.34916.146
MinimumVisualStudioVersion = 10.0.40219.1
Project("{FAE04EC0-301F-11D3-BF4B-00C04F79EFBC}") = "Scheduler", "Scheduler\Scheduler.csproj", "{18F19962-496F-4509-B721-6E0E773C6135}"
EndProject
Project("{FAE04EC0-301F-11D3-BF4B-00C04F79EFBC}") = "Scheduler.Core", "Scheduler.Core\Scheduler.Core.csproj", "{4AB51922-9A7D-4A72-9725-17C28445FCF6}"
EndProject
Project("{FAE04EC0-301F-11D3-BF4B-00C04F79EFBC}") = "Scheduler.Utilities", "Scheduler.Utilities\Scheduler.Utilities.csproj", "{DEBD7D58-72EB-4491-B7AB-2AB362748C99}"
EndProject
Project("{FAE04EC0-301F-11D3-BF4B-00C04F79EFBC}") = "Scheduler.ApplicationServices", "Scheduler.ApplicationServices\Scheduler.ApplicationServices.csproj", "{AF801E73-07E8-406A-B002-89A77F3D7527}"
EndProject
Project("{FAE04EC0-301F-11D3-BF4B-00C04F79EFBC}") = "Scheduler.DataAccess", "Scheduler.DataAccess\Scheduler.DataAccess.csproj", "{22301B5A-695A-45DB-9563-32908BF7D0C9}"
EndProject
Global
	GlobalSection(SolutionConfigurationPlatforms) = preSolution
		Debug|Any CPU = Debug|Any CPU
		Release|Any CPU = Release|Any CPU
	EndGlobalSection
	GlobalSection(ProjectConfigurationPlatforms) = postSolution
		{18F19962-496F-4509-B721-6E0E773C6135}.Debug|Any CPU.ActiveCfg = Debug|Any CPU
		{18F19962-496F-4509-B721-6E0E773C6135}.Debug|Any CPU.Build.0 = Debug|Any CPU
		{18F19962-496F-4509-B721-6E0E773C6135}.Release|Any CPU.ActiveCfg = Release|Any CPU
		{18F19962-496F-4509-B721-6E0E773C6135}.Release|Any CPU.Build.0 = Release|Any CPU
		{4AB51922-9A7D-4A72-9725-17C28445FCF6}.Debug|Any CPU.ActiveCfg = Debug|Any CPU
		{4AB51922-9A7D-4A72-9725-17C28445FCF6}.Debug|Any CPU.Build.0 = Debug|Any CPU
		{4AB51922-9A7D-4A72-9725-17C28445FCF6}.Release|Any CPU.ActiveCfg = Release|Any CPU
		{4AB51922-9A7D-4A72-9725-17C28445FCF6}.Release|Any CPU.Build.0 = Release|Any CPU
		{DEBD7D58-72EB-4491-B7AB-2AB362748C99}.Debug|Any CPU.ActiveCfg = Debug|Any CPU
		{DEBD7D58-72EB-4491-B7AB-2AB362748C99}.Debug|Any CPU.Build.0 = Debug|Any CPU
		{DEBD7D58-72EB-4491-B7AB-2AB362748C99}.Release|Any CPU.ActiveCfg = Release|Any CPU
		{DEBD7D58-72EB-4491-B7AB-2AB362748C99}.Release|Any CPU.Build.0 = Release|Any CPU
		{AF801E73-07E8-406A-B002-89A77F3D7527}.Debug|Any CPU.ActiveCfg = Debug|Any CPU
		{AF801E73-07E8-406A-B002-89A77F3D7527}.Debug|Any CPU.Build.0 = Debug|Any CPU
		{AF801E73-07E8-406A-B002-89A77F3D7527}.Release|Any CPU.ActiveCfg = Release|Any CPU
		{AF801E73-07E8-406A-B002-89A77F3D7527}.Release|Any CPU.Build.0 = Release|Any CPU
		{22301B5A-695A-45DB-9563-32908BF7D0C9}.Debug|Any CPU.ActiveCfg = Debug|Any CPU
		{22301B5A-695A-45DB-9563-32908BF7D0C9}.Debug|Any CPU.Build.0 = Debug|Any CPU
		{22301B5A-695A-45DB-9563-32908BF7D0C9}.Release|Any CPU.ActiveCfg = Release|Any CPU
		{22301B5A-695A-45DB-9563-32908BF7D0C9}.Release|Any CPU.Build.0 = Release|Any CPU
	EndGlobalSection
	GlobalSection(SolutionProperties) = preSolution
		HideSolutionNode = FALSE
	EndGlobalSection
	GlobalSection(ExtensibilityGlobals) = postSolution
		SolutionGuid = {2DFD11D4-FA19-41E7-8D5D-4166E03CD31F}
	EndGlobalSection
EndGlobal
